{
  "name": "html tải video",
  "lockfileVersion": 3,
  "requires": true,
  "packages": {
    "": {
      "dependencies": {
        "node-catbox": "^6.0.0"
      }
    },
    "node_modules/node-catbox": {
      "version": "6.0.0",
      "resolved": "https://registry.npmjs.org/node-catbox/-/node-catbox-6.0.0.tgz",
      "integrity": "sha512-vOgGkYso6nihph29nt+XD0Pt1fd+C8oQXJTv8rNWZC6G4OnG39D7dMmmJebjKK4sLFLDGx4MOVmvKyeBI5ytog==",
      "license": "MIT",
      "engines": {
        "node": ">=24"
      }
    }
  }
}
